
Microsoft Visual Studio Solution File, Format Version 12.00
# Visual Studio Version 17
VisualStudioVersion = 17.0.32014.148
MinimumVisualStudioVersion = 10.0.40219.1
Project("{FAE04EC0-301F-11D3-BF4B-00C04F79EFBC}") = "TrojanChat", "TrojanChat\TrojanChat.csproj", "{39809450-026D-4EC6-AB77-FF869F3E9222}"
EndProject
Global
	GlobalSection(SolutionConfigurationPlatforms) = preSolution
		Debug|Any CPU = Debug|Any CPU
		Release|Any CPU = Release|Any CPU
	EndGlobalSection
	GlobalSection(ProjectConfigurationPlatforms) = postSolution
		{39809450-026D-4EC6-AB77-FF869F3E9222}.Debug|Any CPU.ActiveCfg = Debug|Any CPU
		{39809450-026D-4EC6-AB77-FF869F3E9222}.Debug|Any CPU.Build.0 = Debug|Any CPU
		{39809450-026D-4EC6-AB77-FF869F3E9222}.Release|Any CPU.ActiveCfg = Release|Any CPU
		{39809450-026D-4EC6-AB77-FF869F3E9222}.Release|Any CPU.Build.0 = Release|Any CPU
	EndGlobalSection
	GlobalSection(SolutionProperties) = preSolution
		HideSolutionNode = FALSE
	EndGlobalSection
	GlobalSection(ExtensibilityGlobals) = postSolution
		SolutionGuid = {408BC4AA-849C-437C-8702-7234EE392C35}
	EndGlobalSection
EndGlobal
